
Microsoft Visual Studio Solution File, Format Version 12.00
# Visual Studio Version 17
VisualStudioVersion = 17.10.35004.147
MinimumVisualStudioVersion = 10.0.40219.1
Project("{FAE04EC0-301F-11D3-BF4B-00C04F79EFBC}") = "assignment01Oop", "assignment01Oop\assignment01Oop.csproj", "{3AF0EABD-4762-4793-8277-CEF9BF8A339B}"
EndProject
Global
	GlobalSection(SolutionConfigurationPlatforms) = preSolution
		Debug|Any CPU = Debug|Any CPU
		Release|Any CPU = Release|Any CPU
	EndGlobalSection
	GlobalSection(ProjectConfigurationPlatforms) = postSolution
		{3AF0EABD-4762-4793-8277-CEF9BF8A339B}.Debug|Any CPU.ActiveCfg = Debug|Any CPU
		{3AF0EABD-4762-4793-8277-CEF9BF8A339B}.Debug|Any CPU.Build.0 = Debug|Any CPU
		{3AF0EABD-4762-4793-8277-CEF9BF8A339B}.Release|Any CPU.ActiveCfg = Release|Any CPU
		{3AF0EABD-4762-4793-8277-CEF9BF8A339B}.Release|Any CPU.Build.0 = Release|Any CPU
	EndGlobalSection
	GlobalSection(SolutionProperties) = preSolution
		HideSolutionNode = FALSE
	EndGlobalSection
	GlobalSection(ExtensibilityGlobals) = postSolution
		SolutionGuid = {F4EABA84-B11E-47A7-8BFB-4C3E777A2F09}
	EndGlobalSection
EndGlobal
